Microsoft Visual Studio Solution File, Format Version 11.00
# Visual Studio 2008

Project("{76019C01-9351-A2DE-1883-F56A48E75ABD}") = "go home game", "Assembly-CSharp.csproj", "{47680973-7644-C7E7-AB23-312BA29BBDD8}"
EndProject
Global
	GlobalSection(SolutionConfigurationPlatforms) = preSolution
		Debug|Any CPU = Debug|Any CPU
		Release|Any CPU = Release|Any CPU
	EndGlobalSection
	GlobalSection(ProjectConfigurationPlatforms) = postSolution
		{47680973-7644-C7E7-AB23-312BA29BBDD8}.Debug|Any CPU.ActiveCfg = Debug|Any CPU
		{47680973-7644-C7E7-AB23-312BA29BBDD8}.Debug|Any CPU.Build.0 = Debug|Any CPU
		{47680973-7644-C7E7-AB23-312BA29BBDD8}.Release|Any CPU.ActiveCfg = Release|Any CPU
		{47680973-7644-C7E7-AB23-312BA29BBDD8}.Release|Any CPU.Build.0 = Release|Any CPU
	EndGlobalSection
	GlobalSection(SolutionProperties) = preSolution
		HideSolutionNode = FALSE
	EndGlobalSection
	GlobalSection(MonoDevelopProperties) = preSolution
		StartupItem = Assembly-CSharp.csproj
	EndGlobalSection
EndGlobal
